{
  "name": "private-repo",
  "lockfileVersion": 3,
  "requires": true,
  "packages": {
    "": {
      "dependencies": {
        "@builder.io/partytown": "^0.8.0"
      }
    },
    "node_modules/@builder.io/partytown": {
      "version": "0.8.0",
      "resolved": "https://registry.npmjs.org/@builder.io/partytown/-/partytown-0.8.0.tgz",
      "integrity": "sha512-M6H7nSMwW2dHd1/MQ+9J1Jqdw22uhl1nKv90kIiL9G7gjFVqqouQp4qSS1oZclmtW1XjAa4Q5UnbHB4iytmxZA==",
      "bin": {
        "partytown": "bin/partytown.cjs"
      }
    }
  }
}
